
Microsoft Visual Studio Solution File, Format Version 12.00
# Visual Studio Version 17
VisualStudioVersion = 17.6.33620.401
MinimumVisualStudioVersion = 10.0.40219.1
Project("{2150E333-8FDC-42A3-9474-1A3956D46DE8}") = "test", "test", "{D5851761-B894-4CF5-A4DD-F251A94F1C04}"
EndProject
Project("{9A19103F-16F7-4668-BE54-9A1E7A4F7556}") = "NoSql.Test.Common", "NoSql.Test.Common\NoSql.Test.Common.csproj", "{01C8744E-0B45-4AE1-A80F-7C6F4286ED78}"
EndProject
Project("{9A19103F-16F7-4668-BE54-9A1E7A4F7556}") = "NoSql.Test", "NoSql.Test\NoSql.Test.csproj", "{85BD9381-DBA0-4567-8FFB-2A87CEE5DC06}"
EndProject
Project("{9A19103F-16F7-4668-BE54-9A1E7A4F7556}") = "NoSql.Test.PostgreSql", "NoSql.Test.PostgreSql\NoSql.Test.PostgreSql.csproj", "{1A0108E6-B4E0-44CB-AF9C-AE1F490B05BC}"
EndProject
Project("{9A19103F-16F7-4668-BE54-9A1E7A4F7556}") = "NoSql.Test.Sqlite", "NoSql.Test.Sqlite\NoSql.Test.Sqlite.csproj", "{F4D2B16B-7783-4DD1-B5F6-1F75D276EC96}"
EndProject
Project("{9A19103F-16F7-4668-BE54-9A1E7A4F7556}") = "NoSql.Test.SqlServer", "NoSql.Test.SqlServer\NoSql.Test.SqlServer.csproj", "{E207FC4E-CD71-4C0B-99DC-AFA7FF6069C9}"
EndProject
Project("{9A19103F-16F7-4668-BE54-9A1E7A4F7556}") = "NoSql", "NoSql\NoSql.csproj", "{9E7784A2-D405-4034-9620-DC625A0AF2EA}"
EndProject
Project("{9A19103F-16F7-4668-BE54-9A1E7A4F7556}") = "NoSql.Sqlite", "NoSql.Sqlite\NoSql.Sqlite.csproj", "{EF0C1698-51EF-4154-A9B3-143B1C7CE082}"
EndProject
Project("{9A19103F-16F7-4668-BE54-9A1E7A4F7556}") = "NoSql.SqlServer", "NoSql.SqlServer\NoSql.SqlServer.csproj", "{51B0CBCC-90F0-436E-BCDF-ED758B3509F7}"
EndProject
Project("{9A19103F-16F7-4668-BE54-9A1E7A4F7556}") = "NoSql.PostgreSql", "NoSql.PostgreSql\NoSql.PostgreSql.csproj", "{AF4E9C89-A805-4907-8204-9AA191989B84}"
EndProject
Project("{9A19103F-16F7-4668-BE54-9A1E7A4F7556}") = "NoSql.Benchmark", "NoSql.Benchmark\NoSql.Benchmark.csproj", "{6541C6CE-48DF-4701-9E08-A60839574C79}"
EndProject
Project("{9A19103F-16F7-4668-BE54-9A1E7A4F7556}") = "NoSql.ArangoDb", "NoSql.ArangoDb\NoSql.ArangoDb.csproj", "{D5FA065F-CDBA-4611-91C5-751707E04B93}"
EndProject
Project("{9A19103F-16F7-4668-BE54-9A1E7A4F7556}") = "NoSql.Test.ArangoDb", "NoSql.Test.ArangoDb\NoSql.Test.ArangoDb.csproj", "{52FE55D1-9477-4E14-BAA8-1B42D4DD5D12}"
EndProject
Global
	GlobalSection(SolutionConfigurationPlatforms) = preSolution
		Debug|Any CPU = Debug|Any CPU
		Release|Any CPU = Release|Any CPU
	EndGlobalSection
	GlobalSection(ProjectConfigurationPlatforms) = postSolution
		{01C8744E-0B45-4AE1-A80F-7C6F4286ED78}.Debug|Any CPU.ActiveCfg = Debug|Any CPU
		{01C8744E-0B45-4AE1-A80F-7C6F4286ED78}.Debug|Any CPU.Build.0 = Debug|Any CPU
		{01C8744E-0B45-4AE1-A80F-7C6F4286ED78}.Release|Any CPU.ActiveCfg = Release|Any CPU
		{01C8744E-0B45-4AE1-A80F-7C6F4286ED78}.Release|Any CPU.Build.0 = Release|Any CPU
		{85BD9381-DBA0-4567-8FFB-2A87CEE5DC06}.Debug|Any CPU.ActiveCfg = Debug|Any CPU
		{85BD9381-DBA0-4567-8FFB-2A87CEE5DC06}.Debug|Any CPU.Build.0 = Debug|Any CPU
		{85BD9381-DBA0-4567-8FFB-2A87CEE5DC06}.Release|Any CPU.ActiveCfg = Release|Any CPU
		{85BD9381-DBA0-4567-8FFB-2A87CEE5DC06}.Release|Any CPU.Build.0 = Release|Any CPU
		{1A0108E6-B4E0-44CB-AF9C-AE1F490B05BC}.Debug|Any CPU.ActiveCfg = Debug|Any CPU
		{1A0108E6-B4E0-44CB-AF9C-AE1F490B05BC}.Debug|Any CPU.Build.0 = Debug|Any CPU
		{1A0108E6-B4E0-44CB-AF9C-AE1F490B05BC}.Release|Any CPU.ActiveCfg = Release|Any CPU
		{1A0108E6-B4E0-44CB-AF9C-AE1F490B05BC}.Release|Any CPU.Build.0 = Release|Any CPU
		{F4D2B16B-7783-4DD1-B5F6-1F75D276EC96}.Debug|Any CPU.ActiveCfg = Debug|Any CPU
		{F4D2B16B-7783-4DD1-B5F6-1F75D276EC96}.Debug|Any CPU.Build.0 = Debug|Any CPU
		{F4D2B16B-7783-4DD1-B5F6-1F75D276EC96}.Release|Any CPU.ActiveCfg = Release|Any CPU
		{F4D2B16B-7783-4DD1-B5F6-1F75D276EC96}.Release|Any CPU.Build.0 = Release|Any CPU
		{E207FC4E-CD71-4C0B-99DC-AFA7FF6069C9}.Debug|Any CPU.ActiveCfg = Debug|Any CPU
		{E207FC4E-CD71-4C0B-99DC-AFA7FF6069C9}.Debug|Any CPU.Build.0 = Debug|Any CPU
		{E207FC4E-CD71-4C0B-99DC-AFA7FF6069C9}.Release|Any CPU.ActiveCfg = Release|Any CPU
		{E207FC4E-CD71-4C0B-99DC-AFA7FF6069C9}.Release|Any CPU.Build.0 = Release|Any CPU
		{9E7784A2-D405-4034-9620-DC625A0AF2EA}.Debug|Any CPU.ActiveCfg = Debug|Any CPU
		{9E7784A2-D405-4034-9620-DC625A0AF2EA}.Debug|Any CPU.Build.0 = Debug|Any CPU
		{9E7784A2-D405-4034-9620-DC625A0AF2EA}.Release|Any CPU.ActiveCfg = Release|Any CPU
		{9E7784A2-D405-4034-9620-DC625A0AF2EA}.Release|Any CPU.Build.0 = Release|Any CPU
		{EF0C1698-51EF-4154-A9B3-143B1C7CE082}.Debug|Any CPU.ActiveCfg = Debug|Any CPU
		{EF0C1698-51EF-4154-A9B3-143B1C7CE082}.Debug|Any CPU.Build.0 = Debug|Any CPU
		{EF0C1698-51EF-4154-A9B3-143B1C7CE082}.Release|Any CPU.ActiveCfg = Release|Any CPU
		{EF0C1698-51EF-4154-A9B3-143B1C7CE082}.Release|Any CPU.Build.0 = Release|Any CPU
		{51B0CBCC-90F0-436E-BCDF-ED758B3509F7}.Debug|Any CPU.ActiveCfg = Debug|Any CPU
		{51B0CBCC-90F0-436E-BCDF-ED758B3509F7}.Debug|Any CPU.Build.0 = Debug|Any CPU
		{51B0CBCC-90F0-436E-BCDF-ED758B3509F7}.Release|Any CPU.ActiveCfg = Release|Any CPU
		{51B0CBCC-90F0-436E-BCDF-ED758B3509F7}.Release|Any CPU.Build.0 = Release|Any CPU
		{AF4E9C89-A805-4907-8204-9AA191989B84}.Debug|Any CPU.ActiveCfg = Debug|Any CPU
		{AF4E9C89-A805-4907-8204-9AA191989B84}.Debug|Any CPU.Build.0 = Debug|Any CPU
		{AF4E9C89-A805-4907-8204-9AA191989B84}.Release|Any CPU.ActiveCfg = Release|Any CPU
		{AF4E9C89-A805-4907-8204-9AA191989B84}.Release|Any CPU.Build.0 = Release|Any CPU
		{6541C6CE-48DF-4701-9E08-A60839574C79}.Debug|Any CPU.ActiveCfg = Debug|Any CPU
		{6541C6CE-48DF-4701-9E08-A60839574C79}.Debug|Any CPU.Build.0 = Debug|Any CPU
		{6541C6CE-48DF-4701-9E08-A60839574C79}.Release|Any CPU.ActiveCfg = Release|Any CPU
		{6541C6CE-48DF-4701-9E08-A60839574C79}.Release|Any CPU.Build.0 = Release|Any CPU
		{D5FA065F-CDBA-4611-91C5-751707E04B93}.Debug|Any CPU.ActiveCfg = Debug|Any CPU
		{D5FA065F-CDBA-4611-91C5-751707E04B93}.Debug|Any CPU.Build.0 = Debug|Any CPU
		{D5FA065F-CDBA-4611-91C5-751707E04B93}.Release|Any CPU.ActiveCfg = Release|Any CPU
		{D5FA065F-CDBA-4611-91C5-751707E04B93}.Release|Any CPU.Build.0 = Release|Any CPU
		{52FE55D1-9477-4E14-BAA8-1B42D4DD5D12}.Debug|Any CPU.ActiveCfg = Debug|Any CPU
		{52FE55D1-9477-4E14-BAA8-1B42D4DD5D12}.Debug|Any CPU.Build.0 = Debug|Any CPU
		{52FE55D1-9477-4E14-BAA8-1B42D4DD5D12}.Release|Any CPU.ActiveCfg = Release|Any CPU
		{52FE55D1-9477-4E14-BAA8-1B42D4DD5D12}.Release|Any CPU.Build.0 = Release|Any CPU
	EndGlobalSection
	GlobalSection(SolutionProperties) = preSolution
		HideSolutionNode = FALSE
	EndGlobalSection
	GlobalSection(NestedProjects) = preSolution
		{01C8744E-0B45-4AE1-A80F-7C6F4286ED78} = {D5851761-B894-4CF5-A4DD-F251A94F1C04}
		{85BD9381-DBA0-4567-8FFB-2A87CEE5DC06} = {D5851761-B894-4CF5-A4DD-F251A94F1C04}
		{1A0108E6-B4E0-44CB-AF9C-AE1F490B05BC} = {D5851761-B894-4CF5-A4DD-F251A94F1C04}
		{F4D2B16B-7783-4DD1-B5F6-1F75D276EC96} = {D5851761-B894-4CF5-A4DD-F251A94F1C04}
		{E207FC4E-CD71-4C0B-99DC-AFA7FF6069C9} = {D5851761-B894-4CF5-A4DD-F251A94F1C04}
		{6541C6CE-48DF-4701-9E08-A60839574C79} = {D5851761-B894-4CF5-A4DD-F251A94F1C04}
		{52FE55D1-9477-4E14-BAA8-1B42D4DD5D12} = {D5851761-B894-4CF5-A4DD-F251A94F1C04}
	EndGlobalSection
	GlobalSection(ExtensibilityGlobals) = postSolution
		SolutionGuid = {B4AFC938-7220-4BCB-AFCE-1E94C6BDE2ED}
	EndGlobalSection
EndGlobal
